
Microsoft Visual Studio Solution File, Format Version 11.00
# Visual Studio 2010
Project("{8BC9CEB8-8B4A-11D0-8D11-00A0C91BC942}") = "ITH", "ITH\ITH.vcxproj", "{DD6EF1C2-1ED6-4859-BEFB-5B24CAF9AE7A}"
EndProject
Project("{8BC9CEB8-8B4A-11D0-8D11-00A0C91BC942}") = "ITH_DLL", "ITH_DLL\ITH_DLL.vcxproj", "{AA147E63-3B9B-4C9F-B073-06681219A8FB}"
EndProject
Project("{8BC9CEB8-8B4A-11D0-8D11-00A0C91BC942}") = "EnableSEH", "EnableSEH\EnableSEH.vcxproj", "{AA653F14-6DE6-4379-89D7-160E5D3B6BC8}"
EndProject
Project("{8BC9CEB8-8B4A-11D0-8D11-00A0C91BC942}") = "ITH_engine", "ITH_engine\ITH_engine.vcxproj", "{C954BF29-65C7-4EEF-83A9-7507804B2235}"
EndProject
Project("{8BC9CEB8-8B4A-11D0-8D11-00A0C91BC942}") = "ITH_SYS", "ITH_SYS\ITH_SYS.vcxproj", "{EE4B5DD7-9DC2-4425-BB12-3B9E10981A00}"
EndProject
Project("{8BC9CEB8-8B4A-11D0-8D11-00A0C91BC942}") = "version", "version\version.vcxproj", "{22F1F2CE-C54C-400E-A8CE-615A80C01589}"
EndProject
Global
	GlobalSection(SolutionConfigurationPlatforms) = preSolution
		Debug|Win32 = Debug|Win32
		Debug|x64 = Debug|x64
		Release|Win32 = Release|Win32
		Release|x64 = Release|x64
	EndGlobalSection
	GlobalSection(ProjectConfigurationPlatforms) = postSolution
		{DD6EF1C2-1ED6-4859-BEFB-5B24CAF9AE7A}.Debug|Win32.ActiveCfg = Debug|Win32
		{DD6EF1C2-1ED6-4859-BEFB-5B24CAF9AE7A}.Debug|Win32.Build.0 = Debug|Win32
		{DD6EF1C2-1ED6-4859-BEFB-5B24CAF9AE7A}.Debug|x64.ActiveCfg = Debug|x64
		{DD6EF1C2-1ED6-4859-BEFB-5B24CAF9AE7A}.Debug|x64.Build.0 = Debug|x64
		{DD6EF1C2-1ED6-4859-BEFB-5B24CAF9AE7A}.Release|Win32.ActiveCfg = Release|Win32
		{DD6EF1C2-1ED6-4859-BEFB-5B24CAF9AE7A}.Release|Win32.Build.0 = Release|Win32
		{DD6EF1C2-1ED6-4859-BEFB-5B24CAF9AE7A}.Release|x64.ActiveCfg = Release|x64
		{DD6EF1C2-1ED6-4859-BEFB-5B24CAF9AE7A}.Release|x64.Build.0 = Release|x64
		{AA147E63-3B9B-4C9F-B073-06681219A8FB}.Debug|Win32.ActiveCfg = Debug|Win32
		{AA147E63-3B9B-4C9F-B073-06681219A8FB}.Debug|Win32.Build.0 = Debug|Win32
		{AA147E63-3B9B-4C9F-B073-06681219A8FB}.Debug|x64.ActiveCfg = Debug|x64
		{AA147E63-3B9B-4C9F-B073-06681219A8FB}.Debug|x64.Build.0 = Debug|x64
		{AA147E63-3B9B-4C9F-B073-06681219A8FB}.Release|Win32.ActiveCfg = Release|Win32
		{AA147E63-3B9B-4C9F-B073-06681219A8FB}.Release|Win32.Build.0 = Release|Win32
		{AA147E63-3B9B-4C9F-B073-06681219A8FB}.Release|x64.ActiveCfg = Release|x64
		{AA147E63-3B9B-4C9F-B073-06681219A8FB}.Release|x64.Build.0 = Release|x64
		{AA653F14-6DE6-4379-89D7-160E5D3B6BC8}.Debug|Win32.ActiveCfg = Debug|Win32
		{AA653F14-6DE6-4379-89D7-160E5D3B6BC8}.Debug|Win32.Build.0 = Debug|Win32
		{AA653F14-6DE6-4379-89D7-160E5D3B6BC8}.Debug|x64.ActiveCfg = Debug|x64
		{AA653F14-6DE6-4379-89D7-160E5D3B6BC8}.Debug|x64.Build.0 = Debug|x64
		{AA653F14-6DE6-4379-89D7-160E5D3B6BC8}.Release|Win32.ActiveCfg = Release|Win32
		{AA653F14-6DE6-4379-89D7-160E5D3B6BC8}.Release|Win32.Build.0 = Release|Win32
		{AA653F14-6DE6-4379-89D7-160E5D3B6BC8}.Release|x64.ActiveCfg = Release|x64
		{AA653F14-6DE6-4379-89D7-160E5D3B6BC8}.Release|x64.Build.0 = Release|x64
		{C954BF29-65C7-4EEF-83A9-7507804B2235}.Debug|Win32.ActiveCfg = Debug|Win32
		{C954BF29-65C7-4EEF-83A9-7507804B2235}.Debug|Win32.Build.0 = Debug|Win32
		{C954BF29-65C7-4EEF-83A9-7507804B2235}.Debug|x64.ActiveCfg = Debug|Win32
		{C954BF29-65C7-4EEF-83A9-7507804B2235}.Release|Win32.ActiveCfg = Release|Win32
		{C954BF29-65C7-4EEF-83A9-7507804B2235}.Release|Win32.Build.0 = Release|Win32
		{C954BF29-65C7-4EEF-83A9-7507804B2235}.Release|x64.ActiveCfg = Release|Win32
		{EE4B5DD7-9DC2-4425-BB12-3B9E10981A00}.Debug|Win32.ActiveCfg = Debug|Win32
		{EE4B5DD7-9DC2-4425-BB12-3B9E10981A00}.Debug|Win32.Build.0 = Debug|Win32
		{EE4B5DD7-9DC2-4425-BB12-3B9E10981A00}.Debug|x64.ActiveCfg = Debug|Win32
		{EE4B5DD7-9DC2-4425-BB12-3B9E10981A00}.Release|Win32.ActiveCfg = Release|Win32
		{EE4B5DD7-9DC2-4425-BB12-3B9E10981A00}.Release|Win32.Build.0 = Release|Win32
		{EE4B5DD7-9DC2-4425-BB12-3B9E10981A00}.Release|x64.ActiveCfg = Release|Win32
		{22F1F2CE-C54C-400E-A8CE-615A80C01589}.Debug|Win32.ActiveCfg = Debug|Win32
		{22F1F2CE-C54C-400E-A8CE-615A80C01589}.Debug|Win32.Build.0 = Debug|Win32
		{22F1F2CE-C54C-400E-A8CE-615A80C01589}.Debug|x64.ActiveCfg = Debug|Win32
		{22F1F2CE-C54C-400E-A8CE-615A80C01589}.Release|Win32.ActiveCfg = Release|Win32
		{22F1F2CE-C54C-400E-A8CE-615A80C01589}.Release|Win32.Build.0 = Release|Win32
		{22F1F2CE-C54C-400E-A8CE-615A80C01589}.Release|x64.ActiveCfg = Release|Win32
	EndGlobalSection
	GlobalSection(SolutionProperties) = preSolution
		HideSolutionNode = FALSE
	EndGlobalSection
EndGlobal
