
Microsoft Visual Studio Solution File, Format Version 11.00
# Visual Studio 2010
Project("{8BC9CEB8-8B4A-11D0-8D11-00A0C91BC942}") = "HelloITH", "HelloITH\HelloITH.vcxproj", "{4DC93C7D-B6B3-46F8-BB98-2C01279C8075}"
EndProject
Global
	GlobalSection(SolutionConfigurationPlatforms) = preSolution
		Debug|Win32 = Debug|Win32
		Release|Win32 = Release|Win32
	EndGlobalSection
	GlobalSection(ProjectConfigurationPlatforms) = postSolution
		{4DC93C7D-B6B3-46F8-BB98-2C01279C8075}.Debug|Win32.ActiveCfg = Debug|Win32
		{4DC93C7D-B6B3-46F8-BB98-2C01279C8075}.Debug|Win32.Build.0 = Debug|Win32
		{4DC93C7D-B6B3-46F8-BB98-2C01279C8075}.Release|Win32.ActiveCfg = Release|Win32
		{4DC93C7D-B6B3-46F8-BB98-2C01279C8075}.Release|Win32.Build.0 = Release|Win32
	EndGlobalSection
	GlobalSection(SolutionProperties) = preSolution
		HideSolutionNode = FALSE
	EndGlobalSection
EndGlobal
